hash: 3348fa208cb817a70b824e5f3493ac2855449f1194ecfe3cc6e416e2693489d2
updated: 2016-12-16T10:28:01.563847059+01:00
imports:
- name: github.com/intelsdi-x/snap
  version: 8905198aaab5bfb6d50a747477ca401e3a7a33ab
  subpackages:
  - control/plugin
  - control/plugin/cpolicy
  - control/plugin/encoding
  - control/plugin/encrypter
  - core
  - core/cdata
  - core/ctypes
  - core/serror
  - pkg/ctree
  - pkg/schedule
  - pkg/stringutils
  - scheduler/wmap
- name: github.com/intelsdi-x/snap-plugin-utilities
  version: 925bafffac36edcfaf4aff937dcb7d3d5659782d
  subpackages:
  - config
  - ns
  - str
- name: github.com/k-sone/snmpgo
  version: d227fb7b907b5f3695799a3230971ebd7c414d47
- name: github.com/mitchellh/mapstructure
  version: bfdb1a85537d60bc7e954e600c250219ea497417
- name: github.com/oleiade/reflections
  version: 632977f98cd34d217c4b57d0840ec188b3d3dcaf
- name: github.com/robfig/cron
  version: 32d9c273155a0506d27cf73dd1246e86a470997e
- name: github.com/Sirupsen/logrus
  version: d26492970760ca5d33129d2d799e34be5c4782eb
- name: golang.org/x/sys
  version: 8f0908ab3b2457e2e15403d3697c9ef5cb4b57a9
  subpackages:
  - unix
- name: gopkg.in/yaml.v2
  version: c1cd2254a6dd314c9d73c338c12688c9325d85c6
testImports:
- name: github.com/gopherjs/gopherjs
  version: 4b53e1bddba0e2f734514aeb6c02db652f4c6fe8
  subpackages:
  - js
- name: github.com/jtolds/gls
  version: 8ddce2a84170772b95dd5d576c48d517b22cac63
- name: github.com/smartystreets/assertions
  version: 443d812296a84445c202c085f19e18fc238f8250
  subpackages:
  - internal/go-render/render
  - internal/oglematchers
- name: github.com/smartystreets/goconvey
  version: d4c757aa9afd1e2fc1832aaab209b5794eb336e1
  subpackages:
  - convey
  - convey/gotest
  - convey/reporting
